
Microsoft Visual Studio Solution File, Format Version 12.00
# Visual Studio Version 17
VisualStudioVersion = 17.14.36518.9
MinimumVisualStudioVersion = 10.0.40219.1
Project("{2150E333-8FDC-42A3-9474-1A3956D46DE8}") = "Task0", "Task0", "{02EA681E-C7D8-13C7-8484-4AC65E1B71E8}"
EndProject
Project("{FAE04EC0-301F-11D3-BF4B-00C04F79EFBC}") = "Tyuiu.RadchenkoAV.Sprint4.Task0.V15", "Tyuiu.RadchenkoAV.Sprint4.Task0.V15\Tyuiu.RadchenkoAV.Sprint4.Task0.V15.csproj", "{5C4574CB-565B-4BF9-A32C-DA1C15CB334B}"
EndProject
Project("{FAE04EC0-301F-11D3-BF4B-00C04F79EFBC}") = "Tyuiu.RadchenkoAV.Sprint4.Task0.V15.Lib", "Tyuiu.RadchenkoAV.Sprint4.Task0.V15.Lib\Tyuiu.RadchenkoAV.Sprint4.Task0.V15.Lib.csproj", "{AEE2D762-6147-45EE-9BF8-FE8CB94EB3AC}"
EndProject
Project("{FAE04EC0-301F-11D3-BF4B-00C04F79EFBC}") = "Tyuiu.RadchenkoAV.Sprint4.Task0.V15.Test", "Tyuiu.RadchenkoAV.Sprint4.Task0.V15.Test\Tyuiu.RadchenkoAV.Sprint4.Task0.V15.Test.csproj", "{7501D45F-1A96-4517-9528-755FF8B1AACF}"
EndProject
Project("{2150E333-8FDC-42A3-9474-1A3956D46DE8}") = "Task1", "Task1", "{E1ECA9C9-37CB-45E3-A894-4E6C94F46AC4}"
EndProject
Project("{FAE04EC0-301F-11D3-BF4B-00C04F79EFBC}") = "Tyuiu.RadchenkoAV.Sprint4.Task1.V14", "Tyuiu.RadchenkoAV.Sprint4.Task1.V14\Tyuiu.RadchenkoAV.Sprint4.Task1.V14.csproj", "{0626A889-8890-48FA-9D05-D5EFA8423D13}"
EndProject
Project("{FAE04EC0-301F-11D3-BF4B-00C04F79EFBC}") = "Tyuiu.RadchenkoAV.Sprint4.Task1.V14.Lib", "Tyuiu.RadchenkoAV.Sprint4.Task1.V14.Lib\Tyuiu.RadchenkoAV.Sprint4.Task1.V14.Lib.csproj", "{8F1EC728-46DA-4F28-8C07-93E6D25E9B45}"
EndProject
Project("{FAE04EC0-301F-11D3-BF4B-00C04F79EFBC}") = "Tyuiu.RadchenkoAV.Sprint4.Task1.V14.Test", "Tyuiu.RadchenkoAV.Sprint4.Task1.V14.Test\Tyuiu.RadchenkoAV.Sprint4.Task1.V14.Test.csproj", "{833B5896-C20C-4B2E-802E-8DCE4C452AB5}"
EndProject
Project("{2150E333-8FDC-42A3-9474-1A3956D46DE8}") = "Task2", "Task2", "{15453C63-E73F-4A92-94D4-F56C9DC79DC3}"
EndProject
Project("{FAE04EC0-301F-11D3-BF4B-00C04F79EFBC}") = "Tyuiu.RadchenkoAV.Sprint4.Task2.V14", "Tyuiu.RadchenkoAV.Sprint4.Task2.V14\Tyuiu.RadchenkoAV.Sprint4.Task2.V14.csproj", "{F6E8BDDE-0230-41D6-BCD5-FCE041D5DFBC}"
EndProject
Project("{FAE04EC0-301F-11D3-BF4B-00C04F79EFBC}") = "Tyuiu.RadchenkoAV.Sprint4.Task2.V14.Lib", "Tyuiu.RadchenkoAV.Sprint4.Task2.V14.Lib\Tyuiu.RadchenkoAV.Sprint4.Task2.V14.Lib.csproj", "{E674F349-DDEE-4E49-BF61-D9F9BB38FC84}"
EndProject
Project("{FAE04EC0-301F-11D3-BF4B-00C04F79EFBC}") = "Tyuiu.RadchenkoAV.Sprint4.Task2.V14.Test", "Tyuiu.RadchenkoAV.Sprint4.Task2.V14.Test\Tyuiu.RadchenkoAV.Sprint4.Task2.V14.Test.csproj", "{01BDF6C2-5C12-4A56-8567-8524BCADF195}"
EndProject
Project("{2150E333-8FDC-42A3-9474-1A3956D46DE8}") = "Task3", "Task3", "{112517EE-DE8D-4E67-8C64-67D6636F3CC3}"
EndProject
Project("{FAE04EC0-301F-11D3-BF4B-00C04F79EFBC}") = "Tyuiu.RadchenkoAV.Sprint4.Task3.V17", "Tyuiu.RadchenkoAV.Sprint4.Task3.V17\Tyuiu.RadchenkoAV.Sprint4.Task3.V17.csproj", "{5C8CB445-2726-4D45-8DC5-084EA5401EE2}"
EndProject
Project("{FAE04EC0-301F-11D3-BF4B-00C04F79EFBC}") = "Tyuiu.RadchenkoAV.Sprint4.Task3.V17.Lib", "Tyuiu.RadchenkoAV.Sprint4.Task3.V17.Lib\Tyuiu.RadchenkoAV.Sprint4.Task3.V17.Lib.csproj", "{03B9F0EF-CEAE-48A5-B9B1-34692FFD0220}"
EndProject
Project("{FAE04EC0-301F-11D3-BF4B-00C04F79EFBC}") = "Tyuiu.RadchenkoAV.Sprint4.Task3.V17.Test", "Tyuiu.RadchenkoAV.Sprint4.Task3.V17.Test\Tyuiu.RadchenkoAV.Sprint4.Task3.V17.Test.csproj", "{0ADDAC37-8963-4665-A925-E17D095D8538}"
EndProject
Project("{2150E333-8FDC-42A3-9474-1A3956D46DE8}") = "Task4", "Task4", "{8CF99AC1-54C6-49B4-9D68-D393670F8E1A}"
EndProject
Project("{FAE04EC0-301F-11D3-BF4B-00C04F79EFBC}") = "Tyuiu.RadchenkoAV.Sprint4.Task4.V5", "Tyuiu.RadchenkoAV.Sprint4.Task4.V5\Tyuiu.RadchenkoAV.Sprint4.Task4.V5.csproj", "{88C9CE0D-67E4-4277-A798-2825AECA43B4}"
EndProject
Project("{FAE04EC0-301F-11D3-BF4B-00C04F79EFBC}") = "Tyuiu.RadchenkoAV.Sprint4.Task4.V5.Lib", "Tyuiu.RadchenkoAV.Sprint4.Task4.V5.Lib\Tyuiu.RadchenkoAV.Sprint4.Task4.V5.Lib.csproj", "{7166ADA9-282B-4DA9-966D-B2675E6BF37D}"
EndProject
Project("{FAE04EC0-301F-11D3-BF4B-00C04F79EFBC}") = "Tyuiu.RadchenkoAV.Sprint4.Task4.V5.Test", "Tyuiu.RadchenkoAV.Sprint4.Task4.V5.Test\Tyuiu.RadchenkoAV.Sprint4.Task4.V5.Test.csproj", "{603C410C-56A1-4C3A-BA1B-E8A9BADE27B4}"
EndProject
Project("{2150E333-8FDC-42A3-9474-1A3956D46DE8}") = "Task5", "Task5", "{43E88F5B-C971-4E76-9137-23E95AFD6B1E}"
EndProject
Project("{FAE04EC0-301F-11D3-BF4B-00C04F79EFBC}") = "Tyuiu.RadchenkoAV.Sprint4.Task5.V5", "Tyuiu.RadchenkoAV.Sprint4.Task5.V5\Tyuiu.RadchenkoAV.Sprint4.Task5.V5.csproj", "{C8BF6651-CE80-4F05-99E0-4714B73BE4CA}"
EndProject
Project("{FAE04EC0-301F-11D3-BF4B-00C04F79EFBC}") = "Tyuiu.RadchenkoAV.Sprint4.Task5.V5.Lib", "Tyuiu.RadchenkoAV.Sprint4.Task5.V5.Lib\Tyuiu.RadchenkoAV.Sprint4.Task5.V5.Lib.csproj", "{5B61CD0E-BC42-4452-AA04-74FD413A687E}"
EndProject
Project("{FAE04EC0-301F-11D3-BF4B-00C04F79EFBC}") = "Tyuiu.RadchenkoAV.Sprint4.Task5.V5.Test", "Tyuiu.RadchenkoAV.Sprint4.Task5.V5.Test\Tyuiu.RadchenkoAV.Sprint4.Task5.V5.Test.csproj", "{3E1805CD-607F-466F-B157-F1AD1ADC2F2C}"
EndProject
Global
	GlobalSection(SolutionConfigurationPlatforms) = preSolution
		Debug|Any CPU = Debug|Any CPU
		Release|Any CPU = Release|Any CPU
	EndGlobalSection
	GlobalSection(ProjectConfigurationPlatforms) = postSolution
		{5C4574CB-565B-4BF9-A32C-DA1C15CB334B}.Debug|Any CPU.ActiveCfg = Debug|Any CPU
		{5C4574CB-565B-4BF9-A32C-DA1C15CB334B}.Debug|Any CPU.Build.0 = Debug|Any CPU
		{5C4574CB-565B-4BF9-A32C-DA1C15CB334B}.Release|Any CPU.ActiveCfg = Release|Any CPU
		{5C4574CB-565B-4BF9-A32C-DA1C15CB334B}.Release|Any CPU.Build.0 = Release|Any CPU
		{AEE2D762-6147-45EE-9BF8-FE8CB94EB3AC}.Debug|Any CPU.ActiveCfg = Debug|Any CPU
		{AEE2D762-6147-45EE-9BF8-FE8CB94EB3AC}.Debug|Any CPU.Build.0 = Debug|Any CPU
		{AEE2D762-6147-45EE-9BF8-FE8CB94EB3AC}.Release|Any CPU.ActiveCfg = Release|Any CPU
		{AEE2D762-6147-45EE-9BF8-FE8CB94EB3AC}.Release|Any CPU.Build.0 = Release|Any CPU
		{7501D45F-1A96-4517-9528-755FF8B1AACF}.Debug|Any CPU.ActiveCfg = Debug|Any CPU
		{7501D45F-1A96-4517-9528-755FF8B1AACF}.Debug|Any CPU.Build.0 = Debug|Any CPU
		{7501D45F-1A96-4517-9528-755FF8B1AACF}.Release|Any CPU.ActiveCfg = Release|Any CPU
		{7501D45F-1A96-4517-9528-755FF8B1AACF}.Release|Any CPU.Build.0 = Release|Any CPU
		{0626A889-8890-48FA-9D05-D5EFA8423D13}.Debug|Any CPU.ActiveCfg = Debug|Any CPU
		{0626A889-8890-48FA-9D05-D5EFA8423D13}.Debug|Any CPU.Build.0 = Debug|Any CPU
		{0626A889-8890-48FA-9D05-D5EFA8423D13}.Release|Any CPU.ActiveCfg = Release|Any CPU
		{0626A889-8890-48FA-9D05-D5EFA8423D13}.Release|Any CPU.Build.0 = Release|Any CPU
		{8F1EC728-46DA-4F28-8C07-93E6D25E9B45}.Debug|Any CPU.ActiveCfg = Debug|Any CPU
		{8F1EC728-46DA-4F28-8C07-93E6D25E9B45}.Debug|Any CPU.Build.0 = Debug|Any CPU
		{8F1EC728-46DA-4F28-8C07-93E6D25E9B45}.Release|Any CPU.ActiveCfg = Release|Any CPU
		{8F1EC728-46DA-4F28-8C07-93E6D25E9B45}.Release|Any CPU.Build.0 = Release|Any CPU
		{833B5896-C20C-4B2E-802E-8DCE4C452AB5}.Debug|Any CPU.ActiveCfg = Debug|Any CPU
		{833B5896-C20C-4B2E-802E-8DCE4C452AB5}.Debug|Any CPU.Build.0 = Debug|Any CPU
		{833B5896-C20C-4B2E-802E-8DCE4C452AB5}.Release|Any CPU.ActiveCfg = Release|Any CPU
		{833B5896-C20C-4B2E-802E-8DCE4C452AB5}.Release|Any CPU.Build.0 = Release|Any CPU
		{F6E8BDDE-0230-41D6-BCD5-FCE041D5DFBC}.Debug|Any CPU.ActiveCfg = Debug|Any CPU
		{F6E8BDDE-0230-41D6-BCD5-FCE041D5DFBC}.Debug|Any CPU.Build.0 = Debug|Any CPU
		{F6E8BDDE-0230-41D6-BCD5-FCE041D5DFBC}.Release|Any CPU.ActiveCfg = Release|Any CPU
		{F6E8BDDE-0230-41D6-BCD5-FCE041D5DFBC}.Release|Any CPU.Build.0 = Release|Any CPU
		{E674F349-DDEE-4E49-BF61-D9F9BB38FC84}.Debug|Any CPU.ActiveCfg = Debug|Any CPU
		{E674F349-DDEE-4E49-BF61-D9F9BB38FC84}.Debug|Any CPU.Build.0 = Debug|Any CPU
		{E674F349-DDEE-4E49-BF61-D9F9BB38FC84}.Release|Any CPU.ActiveCfg = Release|Any CPU
		{E674F349-DDEE-4E49-BF61-D9F9BB38FC84}.Release|Any CPU.Build.0 = Release|Any CPU
		{01BDF6C2-5C12-4A56-8567-8524BCADF195}.Debug|Any CPU.ActiveCfg = Debug|Any CPU
		{01BDF6C2-5C12-4A56-8567-8524BCADF195}.Debug|Any CPU.Build.0 = Debug|Any CPU
		{01BDF6C2-5C12-4A56-8567-8524BCADF195}.Release|Any CPU.ActiveCfg = Release|Any CPU
		{01BDF6C2-5C12-4A56-8567-8524BCADF195}.Release|Any CPU.Build.0 = Release|Any CPU
		{5C8CB445-2726-4D45-8DC5-084EA5401EE2}.Debug|Any CPU.ActiveCfg = Debug|Any CPU
		{5C8CB445-2726-4D45-8DC5-084EA5401EE2}.Debug|Any CPU.Build.0 = Debug|Any CPU
		{5C8CB445-2726-4D45-8DC5-084EA5401EE2}.Release|Any CPU.ActiveCfg = Release|Any CPU
		{5C8CB445-2726-4D45-8DC5-084EA5401EE2}.Release|Any CPU.Build.0 = Release|Any CPU
		{03B9F0EF-CEAE-48A5-B9B1-34692FFD0220}.Debug|Any CPU.ActiveCfg = Debug|Any CPU
		{03B9F0EF-CEAE-48A5-B9B1-34692FFD0220}.Debug|Any CPU.Build.0 = Debug|Any CPU
		{03B9F0EF-CEAE-48A5-B9B1-34692FFD0220}.Release|Any CPU.ActiveCfg = Release|Any CPU
		{03B9F0EF-CEAE-48A5-B9B1-34692FFD0220}.Release|Any CPU.Build.0 = Release|Any CPU
		{0ADDAC37-8963-4665-A925-E17D095D8538}.Debug|Any CPU.ActiveCfg = Debug|Any CPU
		{0ADDAC37-8963-4665-A925-E17D095D8538}.Debug|Any CPU.Build.0 = Debug|Any CPU
		{0ADDAC37-8963-4665-A925-E17D095D8538}.Release|Any CPU.ActiveCfg = Release|Any CPU
		{0ADDAC37-8963-4665-A925-E17D095D8538}.Release|Any CPU.Build.0 = Release|Any CPU
		{88C9CE0D-67E4-4277-A798-2825AECA43B4}.Debug|Any CPU.ActiveCfg = Debug|Any CPU
		{88C9CE0D-67E4-4277-A798-2825AECA43B4}.Debug|Any CPU.Build.0 = Debug|Any CPU
		{88C9CE0D-67E4-4277-A798-2825AECA43B4}.Release|Any CPU.ActiveCfg = Release|Any CPU
		{88C9CE0D-67E4-4277-A798-2825AECA43B4}.Release|Any CPU.Build.0 = Release|Any CPU
		{7166ADA9-282B-4DA9-966D-B2675E6BF37D}.Debug|Any CPU.ActiveCfg = Debug|Any CPU
		{7166ADA9-282B-4DA9-966D-B2675E6BF37D}.Debug|Any CPU.Build.0 = Debug|Any CPU
		{7166ADA9-282B-4DA9-966D-B2675E6BF37D}.Release|Any CPU.ActiveCfg = Release|Any CPU
		{7166ADA9-282B-4DA9-966D-B2675E6BF37D}.Release|Any CPU.Build.0 = Release|Any CPU
		{603C410C-56A1-4C3A-BA1B-E8A9BADE27B4}.Debug|Any CPU.ActiveCfg = Debug|Any CPU
		{603C410C-56A1-4C3A-BA1B-E8A9BADE27B4}.Debug|Any CPU.Build.0 = Debug|Any CPU
		{603C410C-56A1-4C3A-BA1B-E8A9BADE27B4}.Release|Any CPU.ActiveCfg = Release|Any CPU
		{603C410C-56A1-4C3A-BA1B-E8A9BADE27B4}.Release|Any CPU.Build.0 = Release|Any CPU
		{C8BF6651-CE80-4F05-99E0-4714B73BE4CA}.Debug|Any CPU.ActiveCfg = Debug|Any CPU
		{C8BF6651-CE80-4F05-99E0-4714B73BE4CA}.Debug|Any CPU.Build.0 = Debug|Any CPU
		{C8BF6651-CE80-4F05-99E0-4714B73BE4CA}.Release|Any CPU.ActiveCfg = Release|Any CPU
		{C8BF6651-CE80-4F05-99E0-4714B73BE4CA}.Release|Any CPU.Build.0 = Release|Any CPU
		{5B61CD0E-BC42-4452-AA04-74FD413A687E}.Debug|Any CPU.ActiveCfg = Debug|Any CPU
		{5B61CD0E-BC42-4452-AA04-74FD413A687E}.Debug|Any CPU.Build.0 = Debug|Any CPU
		{5B61CD0E-BC42-4452-AA04-74FD413A687E}.Release|Any CPU.ActiveCfg = Release|Any CPU
		{5B61CD0E-BC42-4452-AA04-74FD413A687E}.Release|Any CPU.Build.0 = Release|Any CPU
		{3E1805CD-607F-466F-B157-F1AD1ADC2F2C}.Debug|Any CPU.ActiveCfg = Debug|Any CPU
		{3E1805CD-607F-466F-B157-F1AD1ADC2F2C}.Debug|Any CPU.Build.0 = Debug|Any CPU
		{3E1805CD-607F-466F-B157-F1AD1ADC2F2C}.Release|Any CPU.ActiveCfg = Release|Any CPU
		{3E1805CD-607F-466F-B157-F1AD1ADC2F2C}.Release|Any CPU.Build.0 = Release|Any CPU
	EndGlobalSection
	GlobalSection(SolutionProperties) = preSolution
		HideSolutionNode = FALSE
	EndGlobalSection
	GlobalSection(NestedProjects) = preSolution
		{5C4574CB-565B-4BF9-A32C-DA1C15CB334B} = {02EA681E-C7D8-13C7-8484-4AC65E1B71E8}
		{AEE2D762-6147-45EE-9BF8-FE8CB94EB3AC} = {02EA681E-C7D8-13C7-8484-4AC65E1B71E8}
		{7501D45F-1A96-4517-9528-755FF8B1AACF} = {02EA681E-C7D8-13C7-8484-4AC65E1B71E8}
		{0626A889-8890-48FA-9D05-D5EFA8423D13} = {E1ECA9C9-37CB-45E3-A894-4E6C94F46AC4}
		{8F1EC728-46DA-4F28-8C07-93E6D25E9B45} = {E1ECA9C9-37CB-45E3-A894-4E6C94F46AC4}
		{833B5896-C20C-4B2E-802E-8DCE4C452AB5} = {E1ECA9C9-37CB-45E3-A894-4E6C94F46AC4}
		{F6E8BDDE-0230-41D6-BCD5-FCE041D5DFBC} = {15453C63-E73F-4A92-94D4-F56C9DC79DC3}
		{E674F349-DDEE-4E49-BF61-D9F9BB38FC84} = {15453C63-E73F-4A92-94D4-F56C9DC79DC3}
		{01BDF6C2-5C12-4A56-8567-8524BCADF195} = {15453C63-E73F-4A92-94D4-F56C9DC79DC3}
		{5C8CB445-2726-4D45-8DC5-084EA5401EE2} = {112517EE-DE8D-4E67-8C64-67D6636F3CC3}
		{03B9F0EF-CEAE-48A5-B9B1-34692FFD0220} = {112517EE-DE8D-4E67-8C64-67D6636F3CC3}
		{0ADDAC37-8963-4665-A925-E17D095D8538} = {112517EE-DE8D-4E67-8C64-67D6636F3CC3}
		{88C9CE0D-67E4-4277-A798-2825AECA43B4} = {8CF99AC1-54C6-49B4-9D68-D393670F8E1A}
		{7166ADA9-282B-4DA9-966D-B2675E6BF37D} = {8CF99AC1-54C6-49B4-9D68-D393670F8E1A}
		{603C410C-56A1-4C3A-BA1B-E8A9BADE27B4} = {8CF99AC1-54C6-49B4-9D68-D393670F8E1A}
		{C8BF6651-CE80-4F05-99E0-4714B73BE4CA} = {43E88F5B-C971-4E76-9137-23E95AFD6B1E}
		{5B61CD0E-BC42-4452-AA04-74FD413A687E} = {43E88F5B-C971-4E76-9137-23E95AFD6B1E}
		{3E1805CD-607F-466F-B157-F1AD1ADC2F2C} = {43E88F5B-C971-4E76-9137-23E95AFD6B1E}
	EndGlobalSection
	GlobalSection(ExtensibilityGlobals) = postSolution
		SolutionGuid = {97436ACF-67C8-45E6-9008-59348B2377B6}
	EndGlobalSection
EndGlobal
