
Microsoft Visual Studio Solution File, Format Version 12.00
# Visual Studio Version 17
VisualStudioVersion = 17.14.36518.9 d17.14
MinimumVisualStudioVersion = 10.0.40219.1
Project("{2150E333-8FDC-42A3-9474-1A3956D46DE8}") = "Task0", "Task0", "{02EA681E-C7D8-13C7-8484-4AC65E1B71E8}"
EndProject
Project("{FAE04EC0-301F-11D3-BF4B-00C04F79EFBC}") = "Tyuiu.RadchenkoAV.Sprint4.Task0.V15", "Tyuiu.RadchenkoAV.Sprint4.Task0.V15\Tyuiu.RadchenkoAV.Sprint4.Task0.V15.csproj", "{5C4574CB-565B-4BF9-A32C-DA1C15CB334B}"
EndProject
Project("{FAE04EC0-301F-11D3-BF4B-00C04F79EFBC}") = "Tyuiu.RadchenkoAV.Sprint4.Task0.V15.Lib", "Tyuiu.RadchenkoAV.Sprint4.Task0.V15.Lib\Tyuiu.RadchenkoAV.Sprint4.Task0.V15.Lib.csproj", "{AEE2D762-6147-45EE-9BF8-FE8CB94EB3AC}"
EndProject
Project("{FAE04EC0-301F-11D3-BF4B-00C04F79EFBC}") = "Tyuiu.RadchenkoAV.Sprint4.Task0.V15.Test", "Tyuiu.RadchenkoAV.Sprint4.Task0.V15.Test\Tyuiu.RadchenkoAV.Sprint4.Task0.V15.Test.csproj", "{7501D45F-1A96-4517-9528-755FF8B1AACF}"
EndProject
Global
	GlobalSection(SolutionConfigurationPlatforms) = preSolution
		Debug|Any CPU = Debug|Any CPU
		Release|Any CPU = Release|Any CPU
	EndGlobalSection
	GlobalSection(ProjectConfigurationPlatforms) = postSolution
		{5C4574CB-565B-4BF9-A32C-DA1C15CB334B}.Debug|Any CPU.ActiveCfg = Debug|Any CPU
		{5C4574CB-565B-4BF9-A32C-DA1C15CB334B}.Debug|Any CPU.Build.0 = Debug|Any CPU
		{5C4574CB-565B-4BF9-A32C-DA1C15CB334B}.Release|Any CPU.ActiveCfg = Release|Any CPU
		{5C4574CB-565B-4BF9-A32C-DA1C15CB334B}.Release|Any CPU.Build.0 = Release|Any CPU
		{AEE2D762-6147-45EE-9BF8-FE8CB94EB3AC}.Debug|Any CPU.ActiveCfg = Debug|Any CPU
		{AEE2D762-6147-45EE-9BF8-FE8CB94EB3AC}.Debug|Any CPU.Build.0 = Debug|Any CPU
		{AEE2D762-6147-45EE-9BF8-FE8CB94EB3AC}.Release|Any CPU.ActiveCfg = Release|Any CPU
		{AEE2D762-6147-45EE-9BF8-FE8CB94EB3AC}.Release|Any CPU.Build.0 = Release|Any CPU
		{7501D45F-1A96-4517-9528-755FF8B1AACF}.Debug|Any CPU.ActiveCfg = Debug|Any CPU
		{7501D45F-1A96-4517-9528-755FF8B1AACF}.Debug|Any CPU.Build.0 = Debug|Any CPU
		{7501D45F-1A96-4517-9528-755FF8B1AACF}.Release|Any CPU.ActiveCfg = Release|Any CPU
		{7501D45F-1A96-4517-9528-755FF8B1AACF}.Release|Any CPU.Build.0 = Release|Any CPU
	EndGlobalSection
	GlobalSection(SolutionProperties) = preSolution
		HideSolutionNode = FALSE
	EndGlobalSection
	GlobalSection(NestedProjects) = preSolution
		{5C4574CB-565B-4BF9-A32C-DA1C15CB334B} = {02EA681E-C7D8-13C7-8484-4AC65E1B71E8}
		{AEE2D762-6147-45EE-9BF8-FE8CB94EB3AC} = {02EA681E-C7D8-13C7-8484-4AC65E1B71E8}
		{7501D45F-1A96-4517-9528-755FF8B1AACF} = {02EA681E-C7D8-13C7-8484-4AC65E1B71E8}
	EndGlobalSection
	GlobalSection(ExtensibilityGlobals) = postSolution
		SolutionGuid = {97436ACF-67C8-45E6-9008-59348B2377B6}
	EndGlobalSection
EndGlobal
